// !$*UTF8*$!
{
	archiveVersion = 1;
	classes = {
	};
	objectVersion = 55;
	objects = {

/* Begin PBXBuildFile section */
		EBC8018F282CE6C200FD4795 /* AppDelegate.swift in Sources */ = {isa = PBXBuildFile; fileRef = EBC8018E282CE6C200FD4795 /* AppDelegate.swift */; };
		EBC80191282CE6C200FD4795 /* SceneDelegate.swift in Sources */ = {isa = PBXBuildFile; fileRef = EBC80190282CE6C200FD4795 /* SceneDelegate.swift */; };
		EBC80196282CE6C200FD4795 /* Main.storyboard in Resources */ = {isa = PBXBuildFile; fileRef = EBC80194282CE6C200FD4795 /* Main.storyboard */; };
		EBC80198282CE6C400FD4795 /* Assets.xcassets in Resources */ = {isa = PBXBuildFile; fileRef = EBC80197282CE6C400FD4795 /* Assets.xcassets */; };
		EBC8019B282CE6C400FD4795 /* LaunchScreen.storyboard in Resources */ = {isa = PBXBuildFile; fileRef = EBC80199282CE6C400FD4795 /* LaunchScreen.storyboard */; };
		EBC801B9282CE6E900FD4795 /* lobby.png in Resources */ = {isa = PBXBuildFile; fileRef = EBC801A4282CE6E900FD4795 /* lobby.png */; };
		EBC801BA282CE6E900FD4795 /* battlebg.png in Resources */ = {isa = PBXBuildFile; fileRef = EBC801A5282CE6E900FD4795 /* battlebg.png */; };
		EBC801BB282CE6E900FD4795 /* bgimage.jpg in Resources */ = {isa = PBXBuildFile; fileRef = EBC801A6282CE6E900FD4795 /* bgimage.jpg */; };
		EBC801BC282CE6E900FD4795 /* waku.png in Resources */ = {isa = PBXBuildFile; fileRef = EBC801A7282CE6E900FD4795 /* waku.png */; };
		EBC801BD282CE6E900FD4795 /* gold_button.png in Resources */ = {isa = PBXBuildFile; fileRef = EBC801A8282CE6E900FD4795 /* gold_button.png */; };
		EBC801BE282CE6E900FD4795 /* yusya.png in Resources */ = {isa = PBXBuildFile; fileRef = EBC801A9282CE6E900FD4795 /* yusya.png */; };
		EBC801BF282CE6E900FD4795 /* monster.png in Resources */ = {isa = PBXBuildFile; fileRef = EBC801AA282CE6E900FD4795 /* monster.png */; };
		EBC801C0282CE6E900FD4795 /* Enemy.swift in Sources */ = {isa = PBXBuildFile; fileRef = EBC801AC282CE6E900FD4795 /* Enemy.swift */; };
		EBC801C1282CE6E900FD4795 /* TechDraUtil.swift in Sources */ = {isa = PBXBuildFile; fileRef = EBC801AD282CE6E900FD4795 /* TechDraUtil.swift */; };
		EBC801C2282CE6E900FD4795 /* Player.swift in Sources */ = {isa = PBXBuildFile; fileRef = EBC801AE282CE6E900FD4795 /* Player.swift */; };
		EBC801C3282CE6E900FD4795 /* SE_fanfare.mp3 in Resources */ = {isa = PBXBuildFile; fileRef = EBC801B0282CE6E900FD4795 /* SE_fanfare.mp3 */; };
		EBC801C4282CE6E900FD4795 /* BGM_battle001.mp3 in Resources */ = {isa = PBXBuildFile; fileRef = EBC801B1282CE6E900FD4795 /* BGM_battle001.mp3 */; };
		EBC801C5282CE6E900FD4795 /* SE_fire.mp3 in Resources */ = {isa = PBXBuildFile; fileRef = EBC801B2282CE6E900FD4795 /* SE_fire.mp3 */; };
		EBC801C6282CE6E900FD4795 /* SE_attack.mp3 in Resources */ = {isa = PBXBuildFile; fileRef = EBC801B3282CE6E900FD4795 /* SE_attack.mp3 */; };
		EBC801C7282CE6E900FD4795 /* SE_gameover.mp3 in Resources */ = {isa = PBXBuildFile; fileRef = EBC801B4282CE6E900FD4795 /* SE_gameover.mp3 */; };
		EBC801C8282CE6E900FD4795 /* SE_charge.mp3 in Resources */ = {isa = PBXBuildFile; fileRef = EBC801B5282CE6E900FD4795 /* SE_charge.mp3 */; };
		EBC801C9282CE6E900FD4795 /* lobby.mp3 in Resources */ = {isa = PBXBuildFile; fileRef = EBC801B6282CE6E900FD4795 /* lobby.mp3 */; };
		EBC801CA282CE6E900FD4795 /* misaki_gothic.ttf in Resources */ = {isa = PBXBuildFile; fileRef = EBC801B8282CE6E900FD4795 /* misaki_gothic.ttf */; };
		EBC801CC282CF05500FD4795 /* LobbyViewController.swift in Sources */ = {isa = PBXBuildFile; fileRef = EBC801CB282CF05500FD4795 /* LobbyViewController.swift */; };
		EBC801CE282CF07900FD4795 /* BattleViewController.swift in Sources */ = {isa = PBXBuildFile; fileRef = EBC801CD282CF07900FD4795 /* BattleViewController.swift */; };
		EBC801D0282D7ADC00FD4795 /* Keys.swift in Sources */ = {isa = PBXBuildFile; fileRef = EBC801CF282D7ADC00FD4795 /* Keys.swift */; };
/* End PBXBuildFile section */

/* Begin PBXFileReference section */
		EBC8018B282CE6C200FD4795 /* TechMon.app */ = {isa = PBXFileReference; explicitFileType = wrapper.application; includeInIndex = 0; path = TechMon.app; sourceTree = BUILT_PRODUCTS_DIR; };
		EBC8018E282CE6C200FD4795 /* AppDelegate.swift */ = {isa = PBXFileReference; lastKnownFileType = sourcecode.swift; path = AppDelegate.swift; sourceTree = "<group>"; };
		EBC80190282CE6C200FD4795 /* SceneDelegate.swift */ = {isa = PBXFileReference; lastKnownFileType = sourcecode.swift; path = SceneDelegate.swift; sourceTree = "<group>"; };
		EBC80195282CE6C200FD4795 /* Base */ = {isa = PBXFileReference; lastKnownFileType = file.storyboard; name = Base; path = Base.lproj/Main.storyboard; sourceTree = "<group>"; };
		EBC80197282CE6C400FD4795 /* Assets.xcassets */ = {isa = PBXFileReference; lastKnownFileType = folder.assetcatalog; path = Assets.xcassets; sourceTree = "<group>"; };
		EBC8019A282CE6C400FD4795 /* Base */ = {isa = PBXFileReference; lastKnownFileType = file.storyboard; name = Base; path = Base.lproj/LaunchScreen.storyboard; sourceTree = "<group>"; };
		EBC8019C282CE6C400FD4795 /* Info.plist */ = {isa = PBXFileReference; lastKnownFileType = text.plist.xml; path = Info.plist; sourceTree = "<group>"; };
		EBC801A4282CE6E900FD4795 /* lobby.png */ = {isa = PBXFileReference; lastKnownFileType = image.png; path = lobby.png; sourceTree = "<group>"; };
		EBC801A5282CE6E900FD4795 /* battlebg.png */ = {isa = PBXFileReference; lastKnownFileType = image.png; path = battlebg.png; sourceTree = "<group>"; };
		EBC801A6282CE6E900FD4795 /* bgimage.jpg */ = {isa = PBXFileReference; lastKnownFileType = image.jpeg; path = bgimage.jpg; sourceTree = "<group>"; };
		EBC801A7282CE6E900FD4795 /* waku.png */ = {isa = PBXFileReference; lastKnownFileType = image.png; path = waku.png; sourceTree = "<group>"; };
		EBC801A8282CE6E900FD4795 /* gold_button.png */ = {isa = PBXFileReference; lastKnownFileType = image.png; path = gold_button.png; sourceTree = "<group>"; };
		EBC801A9282CE6E900FD4795 /* yusya.png */ = {isa = PBXFileReference; lastKnownFileType = image.png; path = yusya.png; sourceTree = "<group>"; };
		EBC801AA282CE6E900FD4795 /* monster.png */ = {isa = PBXFileReference; lastKnownFileType = image.png; path = monster.png; sourceTree = "<group>"; };
		EBC801AC282CE6E900FD4795 /* Enemy.swift */ = {isa = PBXFileReference; fileEncoding = 4; lastKnownFileType = sourcecode.swift; path = Enemy.swift; sourceTree = "<group>"; };
		EBC801AD282CE6E900FD4795 /* TechDraUtil.swift */ = {isa = PBXFileReference; fileEncoding = 4; lastKnownFileType = sourcecode.swift; path = TechDraUtil.swift; sourceTree = "<group>"; };
		EBC801AE282CE6E900FD4795 /* Player.swift */ = {isa = PBXFileReference; fileEncoding = 4; lastKnownFileType = sourcecode.swift; path = Player.swift; sourceTree = "<group>"; };
		EBC801B0282CE6E900FD4795 /* SE_fanfare.mp3 */ = {isa = PBXFileReference; lastKnownFileType = audio.mp3; path = SE_fanfare.mp3; sourceTree = "<group>"; };
		EBC801B1282CE6E900FD4795 /* BGM_battle001.mp3 */ = {isa = PBXFileReference; lastKnownFileType = audio.mp3; path = BGM_battle001.mp3; sourceTree = "<group>"; };
		EBC801B2282CE6E900FD4795 /* SE_fire.mp3 */ = {isa = PBXFileReference; lastKnownFileType = audio.mp3; path = SE_fire.mp3; sourceTree = "<group>"; };
		EBC801B3282CE6E900FD4795 /* SE_attack.mp3 */ = {isa = PBXFileReference; lastKnownFileType = audio.mp3; path = SE_attack.mp3; sourceTree = "<group>"; };
		EBC801B4282CE6E900FD4795 /* SE_gameover.mp3 */ = {isa = PBXFileReference; lastKnownFileType = audio.mp3; path = SE_gameover.mp3; sourceTree = "<group>"; };
		EBC801B5282CE6E900FD4795 /* SE_charge.mp3 */ = {isa = PBXFileReference; lastKnownFileType = audio.mp3; path = SE_charge.mp3; sourceTree = "<group>"; };
		EBC801B6282CE6E900FD4795 /* lobby.mp3 */ = {isa = PBXFileReference; lastKnownFileType = audio.mp3; path = lobby.mp3; sourceTree = "<group>"; };
		EBC801B8282CE6E900FD4795 /* misaki_gothic.ttf */ = {isa = PBXFileReference; lastKnownFileType = file; path = misaki_gothic.ttf; sourceTree = "<group>"; };
		EBC801CB282CF05500FD4795 /* LobbyViewController.swift */ = {isa = PBXFileReference; lastKnownFileType = sourcecode.swift; path = LobbyViewController.swift; sourceTree = "<group>"; };
		EBC801CD282CF07900FD4795 /* BattleViewController.swift */ = {isa = PBXFileReference; lastKnownFileType = sourcecode.swift; path = BattleViewController.swift; sourceTree = "<group>"; };
		EBC801CF282D7ADC00FD4795 /* Keys.swift */ = {isa = PBXFileReference; lastKnownFileType = sourcecode.swift; path = Keys.swift; sourceTree = "<group>"; };
/* End PBXFileReference section */

/* Begin PBXFrameworksBuildPhase section */
		EBC80188282CE6C200FD4795 /* Frameworks */ = {
			isa = PBXFrameworksBuildPhase;
			buildActionMask = 2147483647;
			files = (
			);
			runOnlyForDeploymentPostprocessing = 0;
		};
/* End PBXFrameworksBuildPhase section */

/* Begin PBXGroup section */
		EBC80182282CE6C200FD4795 = {
			isa = PBXGroup;
			children = (
				EBC8018D282CE6C200FD4795 /* TechMon */,
				EBC8018C282CE6C200FD4795 /* Products */,
			);
			sourceTree = "<group>";
		};
		EBC8018C282CE6C200FD4795 /* Products */ = {
			isa = PBXGroup;
			children = (
				EBC8018B282CE6C200FD4795 /* TechMon.app */,
			);
			name = Products;
			sourceTree = "<group>";
		};
		EBC8018D282CE6C200FD4795 /* TechMon */ = {
			isa = PBXGroup;
			children = (
				EBC8018E282CE6C200FD4795 /* AppDelegate.swift */,
				EBC80190282CE6C200FD4795 /* SceneDelegate.swift */,
				EBC801CB282CF05500FD4795 /* LobbyViewController.swift */,
				EBC801CD282CF07900FD4795 /* BattleViewController.swift */,
				EBC80194282CE6C200FD4795 /* Main.storyboard */,
				EBC80197282CE6C400FD4795 /* Assets.xcassets */,
				EBC80199282CE6C400FD4795 /* LaunchScreen.storyboard */,
				EBC8019C282CE6C400FD4795 /* Info.plist */,
				EBC801A2282CE6E900FD4795 /* TechMon_Resources */,
			);
			path = TechMon;
			sourceTree = "<group>";
		};
		EBC801A2282CE6E900FD4795 /* TechMon_Resources */ = {
			isa = PBXGroup;
			children = (
				EBC801A3282CE6E900FD4795 /* Images */,
				EBC801AB282CE6E900FD4795 /* Models */,
				EBC801AF282CE6E900FD4795 /* Sounds */,
				EBC801B7282CE6E900FD4795 /* Fonts */,
			);
			path = TechMon_Resources;
			sourceTree = "<group>";
		};
		EBC801A3282CE6E900FD4795 /* Images */ = {
			isa = PBXGroup;
			children = (
				EBC801A4282CE6E900FD4795 /* lobby.png */,
				EBC801A5282CE6E900FD4795 /* battlebg.png */,
				EBC801A6282CE6E900FD4795 /* bgimage.jpg */,
				EBC801A7282CE6E900FD4795 /* waku.png */,
				EBC801A8282CE6E900FD4795 /* gold_button.png */,
				EBC801A9282CE6E900FD4795 /* yusya.png */,
				EBC801AA282CE6E900FD4795 /* monster.png */,
			);
			path = Images;
			sourceTree = "<group>";
		};
		EBC801AB282CE6E900FD4795 /* Models */ = {
			isa = PBXGroup;
			children = (
				EBC801AD282CE6E900FD4795 /* TechDraUtil.swift */,
				EBC801AE282CE6E900FD4795 /* Player.swift */,
				EBC801AC282CE6E900FD4795 /* Enemy.swift */,
				EBC801CF282D7ADC00FD4795 /* Keys.swift */,
			);
			path = Models;
			sourceTree = "<group>";
		};
		EBC801AF282CE6E900FD4795 /* Sounds */ = {
			isa = PBXGroup;
			children = (
				EBC801B0282CE6E900FD4795 /* SE_fanfare.mp3 */,
				EBC801B1282CE6E900FD4795 /* BGM_battle001.mp3 */,
				EBC801B2282CE6E900FD4795 /* SE_fire.mp3 */,
				EBC801B3282CE6E900FD4795 /* SE_attack.mp3 */,
				EBC801B4282CE6E900FD4795 /* SE_gameover.mp3 */,
				EBC801B5282CE6E900FD4795 /* SE_charge.mp3 */,
				EBC801B6282CE6E900FD4795 /* lobby.mp3 */,
			);
			path = Sounds;
			sourceTree = "<group>";
		};
		EBC801B7282CE6E900FD4795 /* Fonts */ = {
			isa = PBXGroup;
			children = (
				EBC801B8282CE6E900FD4795 /* misaki_gothic.ttf */,
			);
			path = Fonts;
			sourceTree = "<group>";
		};
/* End PBXGroup section */

/* Begin PBXNativeTarget section */
		EBC8018A282CE6C200FD4795 /* TechMon */ = {
			isa = PBXNativeTarget;
			buildConfigurationList = EBC8019F282CE6C400FD4795 /* Build configuration list for PBXNativeTarget "TechMon" */;
			buildPhases = (
				EBC80187282CE6C200FD4795 /* Sources */,
				EBC80188282CE6C200FD4795 /* Frameworks */,
				EBC80189282CE6C200FD4795 /* Resources */,
			);
			buildRules = (
			);
			dependencies = (
			);
			name = TechMon;
			productName = TechMon;
			productReference = EBC8018B282CE6C200FD4795 /* TechMon.app */;
			productType = "com.apple.product-type.application";
		};
/* End PBXNativeTarget section */

/* Begin PBXProject section */
		EBC80183282CE6C200FD4795 /* Project object */ = {
			isa = PBXProject;
			attributes = {
				BuildIndependentTargetsInParallel = 1;
				LastSwiftUpdateCheck = 1330;
				LastUpgradeCheck = 1330;
				TargetAttributes = {
					EBC8018A282CE6C200FD4795 = {
						CreatedOnToolsVersion = 13.3.1;
					};
				};
			};
			buildConfigurationList = EBC80186282CE6C200FD4795 /* Build configuration list for PBXProject "TechMon" */;
			compatibilityVersion = "Xcode 13.0";
			developmentRegion = en;
			hasScannedForEncodings = 0;
			knownRegions = (
				en,
				Base,
			);
			mainGroup = EBC80182282CE6C200FD4795;
			productRefGroup = EBC8018C282CE6C200FD4795 /* Products */;
			projectDirPath = "";
			projectRoot = "";
			targets = (
				EBC8018A282CE6C200FD4795 /* TechMon */,
			);
		};
/* End PBXProject section */

/* Begin PBXResourcesBuildPhase section */
		EBC80189282CE6C200FD4795 /* Resources */ = {
			isa = PBXResourcesBuildPhase;
			buildActionMask = 2147483647;
			files = (
				EBC801BE282CE6E900FD4795 /* yusya.png in Resources */,
				EBC801BB282CE6E900FD4795 /* bgimage.jpg in Resources */,
				EBC801BC282CE6E900FD4795 /* waku.png in Resources */,
				EBC801C3282CE6E900FD4795 /* SE_fanfare.mp3 in Resources */,
				EBC801B9282CE6E900FD4795 /* lobby.png in Resources */,
				EBC801BD282CE6E900FD4795 /* gold_button.png in Resources */,
				EBC801C6282CE6E900FD4795 /* SE_attack.mp3 in Resources */,
				EBC8019B282CE6C400FD4795 /* LaunchScreen.storyboard in Resources */,
				EBC801C9282CE6E900FD4795 /* lobby.mp3 in Resources */,
				EBC80198282CE6C400FD4795 /* Assets.xcassets in Resources */,
				EBC801CA282CE6E900FD4795 /* misaki_gothic.ttf in Resources */,
				EBC801C7282CE6E900FD4795 /* SE_gameover.mp3 in Resources */,
				EBC801BA282CE6E900FD4795 /* battlebg.png in Resources */,
				EBC801C4282CE6E900FD4795 /* BGM_battle001.mp3 in Resources */,
				EBC801C8282CE6E900FD4795 /* SE_charge.mp3 in Resources */,
				EBC801C5282CE6E900FD4795 /* SE_fire.mp3 in Resources */,
				EBC801BF282CE6E900FD4795 /* monster.png in Resources */,
				EBC80196282CE6C200FD4795 /* Main.storyboard in Resources */,
			);
			runOnlyForDeploymentPostprocessing = 0;
		};
/* End PBXResourcesBuildPhase section */

/* Begin PBXSourcesBuildPhase section */
		EBC80187282CE6C200FD4795 /* Sources */ = {
			isa = PBXSourcesBuildPhase;
			buildActionMask = 2147483647;
			files = (
				EBC801CE282CF07900FD4795 /* BattleViewController.swift in Sources */,
				EBC801D0282D7ADC00FD4795 /* Keys.swift in Sources */,
				EBC801C0282CE6E900FD4795 /* Enemy.swift in Sources */,
				EBC8018F282CE6C200FD4795 /* AppDelegate.swift in Sources */,
				EBC80191282CE6C200FD4795 /* SceneDelegate.swift in Sources */,
				EBC801CC282CF05500FD4795 /* LobbyViewController.swift in Sources */,
				EBC801C2282CE6E900FD4795 /* Player.swift in Sources */,
				EBC801C1282CE6E900FD4795 /* TechDraUtil.swift in Sources */,
			);
			runOnlyForDeploymentPostprocessing = 0;
		};
/* End PBXSourcesBuildPhase section */

/* Begin PBXVariantGroup section */
		EBC80194282CE6C200FD4795 /* Main.storyboard */ = {
			isa = PBXVariantGroup;
			children = (
				EBC80195282CE6C200FD4795 /* Base */,
			);
			name = Main.storyboard;
			sourceTree = "<group>";
		};
		EBC80199282CE6C400FD4795 /* LaunchScreen.storyboard */ = {
			isa = PBXVariantGroup;
			children = (
				EBC8019A282CE6C400FD4795 /* Base */,
			);
			name = LaunchScreen.storyboard;
			sourceTree = "<group>";
		};
/* End PBXVariantGroup section */

/* Begin XCBuildConfiguration section */
		EBC8019D282CE6C400FD4795 /* Debug */ = {
			isa = XCBuildConfiguration;
			buildSettings = {
				ALWAYS_SEARCH_USER_PATHS = NO;
				CLANG_ANALYZER_NONNULL = YES;
				CLANG_ANALYZER_NUMBER_OBJECT_CONVERSION = YES_AGGRESSIVE;
				CLANG_CXX_LANGUAGE_STANDARD = "gnu++17";
				CLANG_ENABLE_MODULES = YES;
				CLANG_ENABLE_OBJC_ARC = YES;
				CLANG_ENABLE_OBJC_WEAK = YES;
				CLANG_WARN_BLOCK_CAPTURE_AUTORELEASING = YES;
				CLANG_WARN_BOOL_CONVERSION = YES;
				CLANG_WARN_COMMA = YES;
				CLANG_WARN_CONSTANT_CONVERSION = YES;
				CLANG_WARN_DEPRECATED_OBJC_IMPLEMENTATIONS = YES;
				CLANG_WARN_DIRECT_OBJC_ISA_USAGE = YES_ERROR;
				CLANG_WARN_DOCUMENTATION_COMMENTS = YES;
				CLANG_WARN_EMPTY_BODY = YES;
				CLANG_WARN_ENUM_CONVERSION = YES;
				CLANG_WARN_INFINITE_RECURSION = YES;
				CLANG_WARN_INT_CONVERSION = YES;
				CLANG_WARN_NON_LITERAL_NULL_CONVERSION = YES;
				CLANG_WARN_OBJC_IMPLICIT_RETAIN_SELF = YES;
				CLANG_WARN_OBJC_LITERAL_CONVERSION = YES;
				CLANG_WARN_OBJC_ROOT_CLASS = YES_ERROR;
				CLANG_WARN_QUOTED_INCLUDE_IN_FRAMEWORK_HEADER = YES;
				CLANG_WARN_RANGE_LOOP_ANALYSIS = YES;
				CLANG_WARN_STRICT_PROTOTYPES = YES;
				CLANG_WARN_SUSPICIOUS_MOVE = YES;
				CLANG_WARN_UNGUARDED_AVAILABILITY = YES_AGGRESSIVE;
				CLANG_WARN_UNREACHABLE_CODE = YES;
				CLANG_WARN__DUPLICATE_METHOD_MATCH = YES;
				COPY_PHASE_STRIP = NO;
				DEBUG_INFORMATION_FORMAT = dwarf;
				ENABLE_STRICT_OBJC_MSGSEND = YES;
				ENABLE_TESTABILITY = YES;
				GCC_C_LANGUAGE_STANDARD = gnu11;
				GCC_DYNAMIC_NO_PIC = NO;
				GCC_NO_COMMON_BLOCKS = YES;
				GCC_OPTIMIZATION_LEVEL = 0;
				GCC_PREPROCESSOR_DEFINITIONS = (
					"DEBUG=1",
					"$(inherited)",
				);
				GCC_WARN_64_TO_32_BIT_CONVERSION = YES;
				GCC_WARN_ABOUT_RETURN_TYPE = YES_ERROR;
				GCC_WARN_UNDECLARED_SELECTOR = YES;
				GCC_WARN_UNINITIALIZED_AUTOS = YES_AGGRESSIVE;
				GCC_WARN_UNUSED_FUNCTION = YES;
				GCC_WARN_UNUSED_VARIABLE = YES;
				IPHONEOS_DEPLOYMENT_TARGET = 15.4;
				MTL_ENABLE_DEBUG_INFO = INCLUDE_SOURCE;
				MTL_FAST_MATH = YES;
				ONLY_ACTIVE_ARCH = YES;
				SDKROOT = iphoneos;
				SWIFT_ACTIVE_COMPILATION_CONDITIONS = DEBUG;
				SWIFT_OPTIMIZATION_LEVEL = "-Onone";
			};
			name = Debug;
		};
		EBC8019E282CE6C400FD4795 /* Release */ = {
			isa = XCBuildConfiguration;
			buildSettings = {
				ALWAYS_SEARCH_USER_PATHS = NO;
				CLANG_ANALYZER_NONNULL = YES;
				CLANG_ANALYZER_NUMBER_OBJECT_CONVERSION = YES_AGGRESSIVE;
				CLANG_CXX_LANGUAGE_STANDARD = "gnu++17";
				CLANG_ENABLE_MODULES = YES;
				CLANG_ENABLE_OBJC_ARC = YES;
				CLANG_ENABLE_OBJC_WEAK = YES;
				CLANG_WARN_BLOCK_CAPTURE_AUTORELEASING = YES;
				CLANG_WARN_BOOL_CONVERSION = YES;
				CLANG_WARN_COMMA = YES;
				CLANG_WARN_CONSTANT_CONVERSION = YES;
				CLANG_WARN_DEPRECATED_OBJC_IMPLEMENTATIONS = YES;
				CLANG_WARN_DIRECT_OBJC_ISA_USAGE = YES_ERROR;
				CLANG_WARN_DOCUMENTATION_COMMENTS = YES;
				CLANG_WARN_EMPTY_BODY = YES;
				CLANG_WARN_ENUM_CONVERSION = YES;
				CLANG_WARN_INFINITE_RECURSION = YES;
				CLANG_WARN_INT_CONVERSION = YES;
				CLANG_WARN_NON_LITERAL_NULL_CONVERSION = YES;
				CLANG_WARN_OBJC_IMPLICIT_RETAIN_SELF = YES;
				CLANG_WARN_OBJC_LITERAL_CONVERSION = YES;
				CLANG_WARN_OBJC_ROOT_CLASS = YES_ERROR;
				CLANG_WARN_QUOTED_INCLUDE_IN_FRAMEWORK_HEADER = YES;
				CLANG_WARN_RANGE_LOOP_ANALYSIS = YES;
				CLANG_WARN_STRICT_PROTOTYPES = YES;
				CLANG_WARN_SUSPICIOUS_MOVE = YES;
				CLANG_WARN_UNGUARDED_AVAILABILITY = YES_AGGRESSIVE;
				CLANG_WARN_UNREACHABLE_CODE = YES;
				CLANG_WARN__DUPLICATE_METHOD_MATCH = YES;
				COPY_PHASE_STRIP = NO;
				DEBUG_INFORMATION_FORMAT = "dwarf-with-dsym";
				ENABLE_NS_ASSERTIONS = NO;
				ENABLE_STRICT_OBJC_MSGSEND = YES;
				GCC_C_LANGUAGE_STANDARD = gnu11;
				GCC_NO_COMMON_BLOCKS = YES;
				GCC_WARN_64_TO_32_BIT_CONVERSION = YES;
				GCC_WARN_ABOUT_RETURN_TYPE = YES_ERROR;
				GCC_WARN_UNDECLARED_SELECTOR = YES;
				GCC_WARN_UNINITIALIZED_AUTOS = YES_AGGRESSIVE;
				GCC_WARN_UNUSED_FUNCTION = YES;
				GCC_WARN_UNUSED_VARIABLE = YES;
				IPHONEOS_DEPLOYMENT_TARGET = 15.4;
				MTL_ENABLE_DEBUG_INFO = NO;
				MTL_FAST_MATH = YES;
				SDKROOT = iphoneos;
				SWIFT_COMPILATION_MODE = wholemodule;
				SWIFT_OPTIMIZATION_LEVEL = "-O";
				VALIDATE_PRODUCT = YES;
			};
			name = Release;
		};
		EBC801A0282CE6C400FD4795 /* Debug */ = {
			isa = XCBuildConfiguration;
			buildSettings = {
				ASSETCATALOG_COMPILER_APPICON_NAME = AppIcon;
				ASSETCATALOG_COMPILER_GLOBAL_ACCENT_COLOR_NAME = AccentColor;
				CODE_SIGN_STYLE = Automatic;
				CURRENT_PROJECT_VERSION = 1;
				DEVELOPMENT_TEAM = 5VXR3TJUR7;
				GENERATE_INFOPLIST_FILE = YES;
				INFOPLIST_FILE = TechMon/Info.plist;
				INFOPLIST_KEY_UIApplicationSupportsIndirectInputEvents = YES;
				INFOPLIST_KEY_UILaunchStoryboardName = LaunchScreen;
				INFOPLIST_KEY_UIMainStoryboardFile = Main;
				INFOPLIST_KEY_UISupportedInterfaceOrientations_iPad = "UIInterfaceOrientationPortrait UIInterfaceOrientationPortraitUpsideDown UIInterfaceOrientationLandscapeLeft UIInterfaceOrientationLandscapeRight";
				INFOPLIST_KEY_UISupportedInterfaceOrientations_iPhone = "UIInterfaceOrientationPortrait UIInterfaceOrientationLandscapeLeft UIInterfaceOrientationLandscapeRight";
				LD_RUNPATH_SEARCH_PATHS = (
					"$(inherited)",
					"@executable_path/Frameworks",
				);
				MARKETING_VERSION = 1.0;
				PRODUCT_BUNDLE_IDENTIFIER = app.shinchan.shintaro.TechMon;
				PRODUCT_NAME = "$(TARGET_NAME)";
				SWIFT_EMIT_LOC_STRINGS = YES;
				SWIFT_VERSION = 5.0;
				TARGETED_DEVICE_FAMILY = "1,2";
			};
			name = Debug;
		};
		EBC801A1282CE6C400FD4795 /* Release */ = {
			isa = XCBuildConfiguration;
			buildSettings = {
				ASSETCATALOG_COMPILER_APPICON_NAME = AppIcon;
				ASSETCATALOG_COMPILER_GLOBAL_ACCENT_COLOR_NAME = AccentColor;
				CODE_SIGN_STYLE = Automatic;
				CURRENT_PROJECT_VERSION = 1;
				DEVELOPMENT_TEAM = 5VXR3TJUR7;
				GENERATE_INFOPLIST_FILE = YES;
				INFOPLIST_FILE = TechMon/Info.plist;
				INFOPLIST_KEY_UIApplicationSupportsIndirectInputEvents = YES;
				INFOPLIST_KEY_UILaunchStoryboardName = LaunchScreen;
				INFOPLIST_KEY_UIMainStoryboardFile = Main;
				INFOPLIST_KEY_UISupportedInterfaceOrientations_iPad = "UIInterfaceOrientationPortrait UIInterfaceOrientationPortraitUpsideDown UIInterfaceOrientationLandscapeLeft UIInterfaceOrientationLandscapeRight";
				INFOPLIST_KEY_UISupportedInterfaceOrientations_iPhone = "UIInterfaceOrientationPortrait UIInterfaceOrientationLandscapeLeft UIInterfaceOrientationLandscapeRight";
				LD_RUNPATH_SEARCH_PATHS = (
					"$(inherited)",
					"@executable_path/Frameworks",
				);
				MARKETING_VERSION = 1.0;
				PRODUCT_BUNDLE_IDENTIFIER = app.shinchan.shintaro.TechMon;
				PRODUCT_NAME = "$(TARGET_NAME)";
				SWIFT_EMIT_LOC_STRINGS = YES;
				SWIFT_VERSION = 5.0;
				TARGETED_DEVICE_FAMILY = "1,2";
			};
			name = Release;
		};
/* End XCBuildConfiguration section */

/* Begin XCConfigurationList section */
		EBC80186282CE6C200FD4795 /* Build configuration list for PBXProject "TechMon" */ = {
			isa = XCConfigurationList;
			buildConfigurations = (
				EBC8019D282CE6C400FD4795 /* Debug */,
				EBC8019E282CE6C400FD4795 /* Release */,
			);
			defaultConfigurationIsVisible = 0;
			defaultConfigurationName = Release;
		};
		EBC8019F282CE6C400FD4795 /* Build configuration list for PBXNativeTarget "TechMon" */ = {
			isa = XCConfigurationList;
			buildConfigurations = (
				EBC801A0282CE6C400FD4795 /* Debug */,
				EBC801A1282CE6C400FD4795 /* Release */,
			);
			defaultConfigurationIsVisible = 0;
			defaultConfigurationName = Release;
		};
/* End XCConfigurationList section */
	};
	rootObject = EBC80183282CE6C200FD4795 /* Project object */;
}
